
Microsoft Visual Studio Solution File, Format Version 12.00
# Visual Studio Version 17
VisualStudioVersion = 17.7.34003.232
MinimumVisualStudioVersion = 10.0.40219.1
Project("{9A19103F-16F7-4668-BE54-9A1E7A4F7556}") = "Laboratorio3.Web", "Laboratorio3.Web\Laboratorio3.Web.csproj", "{3B62D9A4-0C64-4F07-8DD5-F16F6435E6B9}"
EndProject
Project("{9A19103F-16F7-4668-BE54-9A1E7A4F7556}") = "Laboratorio3", "Laboratorio3\Laboratorio3.csproj", "{4372E2AB-198C-4B9B-898E-7253338395C3}"
EndProject
Global
	GlobalSection(SolutionConfigurationPlatforms) = preSolution
		Debug|Any CPU = Debug|Any CPU
		Release|Any CPU = Release|Any CPU
	EndGlobalSection
	GlobalSection(ProjectConfigurationPlatforms) = postSolution
		{3B62D9A4-0C64-4F07-8DD5-F16F6435E6B9}.Debug|Any CPU.ActiveCfg = Debug|Any CPU
		{3B62D9A4-0C64-4F07-8DD5-F16F6435E6B9}.Debug|Any CPU.Build.0 = Debug|Any CPU
		{3B62D9A4-0C64-4F07-8DD5-F16F6435E6B9}.Release|Any CPU.ActiveCfg = Release|Any CPU
		{3B62D9A4-0C64-4F07-8DD5-F16F6435E6B9}.Release|Any CPU.Build.0 = Release|Any CPU
		{4372E2AB-198C-4B9B-898E-7253338395C3}.Debug|Any CPU.ActiveCfg = Debug|Any CPU
		{4372E2AB-198C-4B9B-898E-7253338395C3}.Debug|Any CPU.Build.0 = Debug|Any CPU
		{4372E2AB-198C-4B9B-898E-7253338395C3}.Release|Any CPU.ActiveCfg = Release|Any CPU
		{4372E2AB-198C-4B9B-898E-7253338395C3}.Release|Any CPU.Build.0 = Release|Any CPU
	EndGlobalSection
	GlobalSection(SolutionProperties) = preSolution
		HideSolutionNode = FALSE
	EndGlobalSection
	GlobalSection(ExtensibilityGlobals) = postSolution
		SolutionGuid = {908E89B0-30BB-4842-9170-ADCB6E510ACC}
	EndGlobalSection
EndGlobal
